Microsoft Visual Studio Solution File, Format Version 12.00
# Visual Studio Version 17
VisualStudioVersion = 17.14.36414.22 d17.14
MinimumVisualStudioVersion = 10.0.40219.1
Project("{FAE04EC0-301F-11D3-BF4B-00C04F79EFBC}") = "OrderManagement.Api", "src\Api\OrderManagement.Api.csproj", "{1F8A6ADA-BC8F-6BC1-C14E-4B1A7D586EEE}"
EndProject
Project("{FAE04EC0-301F-11D3-BF4B-00C04F79EFBC}") = "OrderManagement.Application", "src\Application\OrderManagement.Application.csproj", "{0F408FDD-D9A8-BD63-68A6-976A30D79F10}"
EndProject
Project("{FAE04EC0-301F-11D3-BF4B-00C04F79EFBC}") = "OrderManagement.Domain", "src\Domain\OrderManagement.Domain.csproj", "{83EBC45C-3911-E97D-AAA1-D3C96CBA0D7D}"
EndProject
Project("{FAE04EC0-301F-11D3-BF4B-00C04F79EFBC}") = "OrderManagement.Infrastructure", "src\Infrastructure\OrderManagement.Infrastructure.csproj", "{7E05E1C3-3126-68CD-1FAE-0D0D36AEE30C}"
EndProject
Global
	GlobalSection(SolutionConfigurationPlatforms) = preSolution
		Debug|Any CPU = Debug|Any CPU
		Release|Any CPU = Release|Any CPU
	EndGlobalSection
	GlobalSection(ProjectConfigurationPlatforms) = postSolution
		{1F8A6ADA-BC8F-6BC1-C14E-4B1A7D586EEE}.Debug|Any CPU.ActiveCfg = Debug|Any CPU
		{1F8A6ADA-BC8F-6BC1-C14E-4B1A7D586EEE}.Debug|Any CPU.Build.0 = Debug|Any CPU
		{1F8A6ADA-BC8F-6BC1-C14E-4B1A7D586EEE}.Release|Any CPU.ActiveCfg = Release|Any CPU
		{1F8A6ADA-BC8F-6BC1-C14E-4B1A7D586EEE}.Release|Any CPU.Build.0 = Release|Any CPU
		{0F408FDD-D9A8-BD63-68A6-976A30D79F10}.Debug|Any CPU.ActiveCfg = Debug|Any CPU
		{0F408FDD-D9A8-BD63-68A6-976A30D79F10}.Debug|Any CPU.Build.0 = Debug|Any CPU
		{0F408FDD-D9A8-BD63-68A6-976A30D79F10}.Release|Any CPU.ActiveCfg = Release|Any CPU
		{0F408FDD-D9A8-BD63-68A6-976A30D79F10}.Release|Any CPU.Build.0 = Release|Any CPU
		{83EBC45C-3911-E97D-AAA1-D3C96CBA0D7D}.Debug|Any CPU.ActiveCfg = Debug|Any CPU
		{83EBC45C-3911-E97D-AAA1-D3C96CBA0D7D}.Debug|Any CPU.Build.0 = Debug|Any CPU
		{83EBC45C-3911-E97D-AAA1-D3C96CBA0D7D}.Release|Any CPU.ActiveCfg = Release|Any CPU
		{83EBC45C-3911-E97D-AAA1-D3C96CBA0D7D}.Release|Any CPU.Build.0 = Release|Any CPU
		{7E05E1C3-3126-68CD-1FAE-0D0D36AEE30C}.Debug|Any CPU.ActiveCfg = Debug|Any CPU
		{7E05E1C3-3126-68CD-1FAE-0D0D36AEE30C}.Debug|Any CPU.Build.0 = Debug|Any CPU
		{7E05E1C3-3126-68CD-1FAE-0D0D36AEE30C}.Release|Any CPU.ActiveCfg = Release|Any CPU
		{7E05E1C3-3126-68CD-1FAE-0D0D36AEE30C}.Release|Any CPU.Build.0 = Release|Any CPU
	EndGlobalSection
	GlobalSection(SolutionProperties) = preSolution
		HideSolutionNode = FALSE
	EndGlobalSection
	GlobalSection(ExtensibilityGlobals) = postSolution
		SolutionGuid = {9ED8742A-5825-4A3C-822C-9F646E8FDB91}
	EndGlobalSection
EndGlobal
